// !$*UTF8*$!
{
	archiveVersion = 1;
	classes = {
	};
	objectVersion = 46;
	objects = {

/* Begin PBXBuildFile section */
		93034FCB1E9A957D004F40AB /* AppDelegate.swift in Sources */ = {isa = PBXBuildFile; fileRef = 93034FCA1E9A957D004F40AB /* AppDelegate.swift */; };
		93034FCD1E9A957D004F40AB /* ViewController.swift in Sources */ = {isa = PBXBuildFile; fileRef = 93034FCC1E9A957D004F40AB /* ViewController.swift */; };
		93034FD01E9A957D004F40AB /* Main.storyboard in Resources */ = {isa = PBXBuildFile; fileRef = 93034FCE1E9A957D004F40AB /* Main.storyboard */; };
		93034FD21E9A957D004F40AB /* Assets.xcassets in Resources */ = {isa = PBXBuildFile; fileRef = 93034FD11E9A957D004F40AB /* Assets.xcassets */; };
		93034FD51E9A957D004F40AB /* LaunchScreen.storyboard in Resources */ = {isa = PBXBuildFile; fileRef = 93034FD31E9A957D004F40AB /* LaunchScreen.storyboard */; };
/* End PBXBuildFile section */

/* Begin PBXFileReference section */
		93034FC71E9A957D004F40AB /* renshu2.app */ = {isa = PBXFileReference; explicitFileType = wrapper.application; includeInIndex = 0; path = renshu2.app; sourceTree = BUILT_PRODUCTS_DIR; };
		93034FCA1E9A957D004F40AB /* AppDelegate.swift */ = {isa = PBXFileReference; lastKnownFileType = sourcecode.swift; path = AppDelegate.swift; sourceTree = "<group>"; };
		93034FCC1E9A957D004F40AB /* ViewController.swift */ = {isa = PBXFileReference; lastKnownFileType = sourcecode.swift; path = ViewController.swift; sourceTree = "<group>"; };
		93034FCF1E9A957D004F40AB /* Base */ = {isa = PBXFileReference; lastKnownFileType = file.storyboard; name = Base; path = Base.lproj/Main.storyboard; sourceTree = "<group>"; };
		93034FD11E9A957D004F40AB /* Assets.xcassets */ = {isa = PBXFileReference; lastKnownFileType = folder.assetcatalog; path = Assets.xcassets; sourceTree = "<group>"; };
		93034FD41E9A957D004F40AB /* Base */ = {isa = PBXFileReference; lastKnownFileType = file.storyboard; name = Base; path = Base.lproj/LaunchScreen.storyboard; sourceTree = "<group>"; };
		93034FD61E9A957D004F40AB /* Info.plist */ = {isa = PBXFileReference; lastKnownFileType = text.plist.xml; path = Info.plist; sourceTree = "<group>"; };
/* End PBXFileReference section */

/* Begin PBXFrameworksBuildPhase section */
		93034FC41E9A957D004F40AB /* Frameworks */ = {
			isa = PBXFrameworksBuildPhase;
			buildActionMask = 2147483647;
			files = (
			);
			runOnlyForDeploymentPostprocessing = 0;
		};
/* End PBXFrameworksBuildPhase section */

/* Begin PBXGroup section */
		93034FBE1E9A957D004F40AB = {
			isa = PBXGroup;
			children = (
				93034FC91E9A957D004F40AB /* renshu2 */,
				93034FC81E9A957D004F40AB /* Products */,
			);
			sourceTree = "<group>";
		};
		93034FC81E9A957D004F40AB /* Products */ = {
			isa = PBXGroup;
			children = (
				93034FC71E9A957D004F40AB /* renshu2.app */,
			);
			name = Products;
			sourceTree = "<group>";
		};
		93034FC91E9A957D004F40AB /* renshu2 */ = {
			isa = PBXGroup;
			children = (
				93034FCA1E9A957D004F40AB /* AppDelegate.swift */,
				93034FCC1E9A957D004F40AB /* ViewController.swift */,
				93034FCE1E9A957D004F40AB /* Main.storyboard */,
				93034FD11E9A957D004F40AB /* Assets.xcassets */,
				93034FD31E9A957D004F40AB /* LaunchScreen.storyboard */,
				93034FD61E9A957D004F40AB /* Info.plist */,
			);
			path = renshu2;
			sourceTree = "<group>";
		};
/* End PBXGroup section */

/* Begin PBXNativeTarget section */
		93034FC61E9A957D004F40AB /* renshu2 */ = {
			isa = PBXNativeTarget;
			buildConfigurationList = 93034FD91E9A957D004F40AB /* Build configuration list for PBXNativeTarget "renshu2" */;
			buildPhases = (
				93034FC31E9A957D004F40AB /* Sources */,
				93034FC41E9A957D004F40AB /* Frameworks */,
				93034FC51E9A957D004F40AB /* Resources */,
			);
			buildRules = (
			);
			dependencies = (
			);
			name = renshu2;
			productName = renshu2;
			productReference = 93034FC71E9A957D004F40AB /* renshu2.app */;
			productType = "com.apple.product-type.application";
		};
/* End PBXNativeTarget section */

/* Begin PBXProject section */
		93034FBF1E9A957D004F40AB /* Project object */ = {
			isa = PBXProject;
			attributes = {
				LastSwiftUpdateCheck = 0830;
				LastUpgradeCheck = 0830;
				ORGANIZATIONNAME = "加藤 舞子";
				TargetAttributes = {
					93034FC61E9A957D004F40AB = {
						CreatedOnToolsVersion = 8.3.1;
						ProvisioningStyle = Automatic;
					};
				};
			};
			buildConfigurationList = 93034FC21E9A957D004F40AB /* Build configuration list for PBXProject "renshu2" */;
			compatibilityVersion = "Xcode 3.2";
			developmentRegion = English;
			hasScannedForEncodings = 0;
			knownRegions = (
				en,
				Base,
			);
			mainGroup = 93034FBE1E9A957D004F40AB;
			productRefGroup = 93034FC81E9A957D004F40AB /* Products */;
			projectDirPath = "";
			projectRoot = "";
			targets = (
				93034FC61E9A957D004F40AB /* renshu2 */,
			);
		};
/* End PBXProject section */

/* Begin PBXResourcesBuildPhase section */
		93034FC51E9A957D004F40AB /* Resources */ = {
			isa = PBXResourcesBuildPhase;
			buildActionMask = 2147483647;
			files = (
				93034FD51E9A957D004F40AB /* LaunchScreen.storyboard in Resources */,
				93034FD21E9A957D004F40AB /* Assets.xcassets in Resources */,
				93034FD01E9A957D004F40AB /* Main.storyboard in Resources */,
			);
			runOnlyForDeploymentPostprocessing = 0;
		};
/* End PBXResourcesBuildPhase section */

/* Begin PBXSourcesBuildPhase section */
		93034FC31E9A957D004F40AB /* Sources */ = {
			isa = PBXSourcesBuildPhase;
			buildActionMask = 2147483647;
			files = (
				93034FCD1E9A957D004F40AB /* ViewController.swift in Sources */,
				93034FCB1E9A957D004F40AB /* AppDelegate.swift in Sources */,
			);
			runOnlyForDeploymentPostprocessing = 0;
		};
/* End PBXSourcesBuildPhase section */

/* Begin PBXVariantGroup section */
		93034FCE1E9A957D004F40AB /* Main.storyboard */ = {
			isa = PBXVariantGroup;
			children = (
				93034FCF1E9A957D004F40AB /* Base */,
			);
			name = Main.storyboard;
			sourceTree = "<group>";
		};
		93034FD31E9A957D004F40AB /* LaunchScreen.storyboard */ = {
			isa = PBXVariantGroup;
			children = (
				93034FD41E9A957D004F40AB /* Base */,
			);
			name = LaunchScreen.storyboard;
			sourceTree = "<group>";
		};
/* End PBXVariantGroup section */

/* Begin XCBuildConfiguration section */
		93034FD71E9A957D004F40AB /* Debug */ = {
			isa = XCBuildConfiguration;
			buildSettings = {
				ALWAYS_SEARCH_USER_PATHS = NO;
				CLANG_ANALYZER_NONNULL = YES;
				CLANG_ANALYZER_NUMBER_OBJECT_CONVERSION = YES_AGGRESSIVE;
				CLANG_CXX_LANGUAGE_STANDARD = "gnu++0x";
				CLANG_CXX_LIBRARY = "libc++";
				CLANG_ENABLE_MODULES = YES;
				CLANG_ENABLE_OBJC_ARC = YES;
				CLANG_WARN_BOOL_CONVERSION = YES;
				CLANG_WARN_CONSTANT_CONVERSION = YES;
				CLANG_WARN_DIRECT_OBJC_ISA_USAGE = YES_ERROR;
				CLANG_WARN_DOCUMENTATION_COMMENTS = YES;
				CLANG_WARN_EMPTY_BODY = YES;
				CLANG_WARN_ENUM_CONVERSION = YES;
				CLANG_WARN_INFINITE_RECURSION = YES;
				CLANG_WARN_INT_CONVERSION = YES;
				CLANG_WARN_OBJC_ROOT_CLASS = YES_ERROR;
				CLANG_WARN_SUSPICIOUS_MOVE = YES;
				CLANG_WARN_UNREACHABLE_CODE = YES;
				CLANG_WARN__DUPLICATE_METHOD_MATCH = YES;
				"CODE_SIGN_IDENTITY[sdk=iphoneos*]" = "iPhone Developer";
				COPY_PHASE_STRIP = NO;
				DEBUG_INFORMATION_FORMAT = dwarf;
				ENABLE_STRICT_OBJC_MSGSEND = YES;
				ENABLE_TESTABILITY = YES;
				GCC_C_LANGUAGE_STANDARD = gnu99;
				GCC_DYNAMIC_NO_PIC = NO;
				GCC_NO_COMMON_BLOCKS = YES;
				GCC_OPTIMIZATION_LEVEL = 0;
				GCC_PREPROCESSOR_DEFINITIONS = (
					"DEBUG=1",
					"$(inherited)",
				);
				GCC_WARN_64_TO_32_BIT_CONVERSION = YES;
				GCC_WARN_ABOUT_RETURN_TYPE = YES_ERROR;
				GCC_WARN_UNDECLARED_SELECTOR = YES;
				GCC_WARN_UNINITIALIZED_AUTOS = YES_AGGRESSIVE;
				GCC_WARN_UNUSED_FUNCTION = YES;
				GCC_WARN_UNUSED_VARIABLE = YES;
				IPHONEOS_DEPLOYMENT_TARGET = 10.3;
				MTL_ENABLE_DEBUG_INFO = YES;
				ONLY_ACTIVE_ARCH = YES;
				SDKROOT = iphoneos;
				SWIFT_ACTIVE_COMPILATION_CONDITIONS = DEBUG;
				SWIFT_OPTIMIZATION_LEVEL = "-Onone";
			};
			name = Debug;
		};
		93034FD81E9A957D004F40AB /* Release */ = {
			isa = XCBuildConfiguration;
			buildSettings = {
				ALWAYS_SEARCH_USER_PATHS = NO;
				CLANG_ANALYZER_NONNULL = YES;
				CLANG_ANALYZER_NUMBER_OBJECT_CONVERSION = YES_AGGRESSIVE;
				CLANG_CXX_LANGUAGE_STANDARD = "gnu++0x";
				CLANG_CXX_LIBRARY = "libc++";
				CLANG_ENABLE_MODULES = YES;
				CLANG_ENABLE_OBJC_ARC = YES;
				CLANG_WARN_BOOL_CONVERSION = YES;
				CLANG_WARN_CONSTANT_CONVERSION = YES;
				CLANG_WARN_DIRECT_OBJC_ISA_USAGE = YES_ERROR;
				CLANG_WARN_DOCUMENTATION_COMMENTS = YES;
				CLANG_WARN_EMPTY_BODY = YES;
				CLANG_WARN_ENUM_CONVERSION = YES;
				CLANG_WARN_INFINITE_RECURSION = YES;
				CLANG_WARN_INT_CONVERSION = YES;
				CLANG_WARN_OBJC_ROOT_CLASS = YES_ERROR;
				CLANG_WARN_SUSPICIOUS_MOVE = YES;
				CLANG_WARN_UNREACHABLE_CODE = YES;
				CLANG_WARN__DUPLICATE_METHOD_MATCH = YES;
				"CODE_SIGN_IDENTITY[sdk=iphoneos*]" = "iPhone Developer";
				COPY_PHASE_STRIP = NO;
				DEBUG_INFORMATION_FORMAT = "dwarf-with-dsym";
				ENABLE_NS_ASSERTIONS = NO;
				ENABLE_STRICT_OBJC_MSGSEND = YES;
				GCC_C_LANGUAGE_STANDARD = gnu99;
				GCC_NO_COMMON_BLOCKS = YES;
				GCC_WARN_64_TO_32_BIT_CONVERSION = YES;
				GCC_WARN_ABOUT_RETURN_TYPE = YES_ERROR;
				GCC_WARN_UNDECLARED_SELECTOR = YES;
				GCC_WARN_UNINITIALIZED_AUTOS = YES_AGGRESSIVE;
				GCC_WARN_UNUSED_FUNCTION = YES;
				GCC_WARN_UNUSED_VARIABLE = YES;
				IPHONEOS_DEPLOYMENT_TARGET = 10.3;
				MTL_ENABLE_DEBUG_INFO = NO;
				SDKROOT = iphoneos;
				SWIFT_OPTIMIZATION_LEVEL = "-Owholemodule";
				VALIDATE_PRODUCT = YES;
			};
			name = Release;
		};
		93034FDA1E9A957D004F40AB /* Debug */ = {
			isa = XCBuildConfiguration;
			buildSettings = {
				ASSETCATALOG_COMPILER_APPICON_NAME = AppIcon;
				INFOPLIST_FILE = renshu2/Info.plist;
				LD_RUNPATH_SEARCH_PATHS = "$(inherited) @executable_path/Frameworks";
				PRODUCT_BUNDLE_IDENTIFIER = maiko.renshu2;
				PRODUCT_NAME = "$(TARGET_NAME)";
				SWIFT_VERSION = 3.0;
				TARGETED_DEVICE_FAMILY = 1;
			};
			name = Debug;
		};
		93034FDB1E9A957D004F40AB /* Release */ = {
			isa = XCBuildConfiguration;
			buildSettings = {
				ASSETCATALOG_COMPILER_APPICON_NAME = AppIcon;
				INFOPLIST_FILE = renshu2/Info.plist;
				LD_RUNPATH_SEARCH_PATHS = "$(inherited) @executable_path/Frameworks";
				PRODUCT_BUNDLE_IDENTIFIER = maiko.renshu2;
				PRODUCT_NAME = "$(TARGET_NAME)";
				SWIFT_VERSION = 3.0;
				TARGETED_DEVICE_FAMILY = 1;
			};
			name = Release;
		};
/* End XCBuildConfiguration section */

/* Begin XCConfigurationList section */
		93034FC21E9A957D004F40AB /* Build configuration list for PBXProject "renshu2" */ = {
			isa = XCConfigurationList;
			buildConfigurations = (
				93034FD71E9A957D004F40AB /* Debug */,
				93034FD81E9A957D004F40AB /* Release */,
			);
			defaultConfigurationIsVisible = 0;
			defaultConfigurationName = Release;
		};
		93034FD91E9A957D004F40AB /* Build configuration list for PBXNativeTarget "renshu2" */ = {
			isa = XCConfigurationList;
			buildConfigurations = (
				93034FDA1E9A957D004F40AB /* Debug */,
				93034FDB1E9A957D004F40AB /* Release */,
			);
			defaultConfigurationIsVisible = 0;
		};
/* End XCConfigurationList section */
	};
	rootObject = 93034FBF1E9A957D004F40AB /* Project object */;
}
